
Microsoft Visual Studio Solution File, Format Version 12.00
Project("{FAE04EC0-301F-11D3-BF4B-00C04F79EFBC}") = "ConsoleApp1", "ConsoleApp1\ConsoleApp1.csproj", "{BED8396E-8131-4A3F-A8A2-8F7FD8D97022}"
EndProject
Global
	GlobalSection(SolutionConfigurationPlatforms) = preSolution
		Debug|Any CPU = Debug|Any CPU
		Release|Any CPU = Release|Any CPU
	EndGlobalSection
	GlobalSection(ProjectConfigurationPlatforms) = postSolution
		{BED8396E-8131-4A3F-A8A2-8F7FD8D97022}.Debug|Any CPU.ActiveCfg = Debug|Any CPU
		{BED8396E-8131-4A3F-A8A2-8F7FD8D97022}.Debug|Any CPU.Build.0 = Debug|Any CPU
		{BED8396E-8131-4A3F-A8A2-8F7FD8D97022}.Release|Any CPU.ActiveCfg = Release|Any CPU
		{BED8396E-8131-4A3F-A8A2-8F7FD8D97022}.Release|Any CPU.Build.0 = Release|Any CPU
	EndGlobalSection
EndGlobal
